<Solution>
  <Folder Name="/Solution Items/">
    <File Path="compose.yaml" />
  </Folder>
  <Folder Name="/src/">
    <Project Path="src/ExpenseControl.Application/ExpenseControl.Application.csproj" />
    <Project Path="src/ExpenseControl.Domain/ExpenseControl.Domain.csproj" />
    <Project Path="src/ExpenseControl.Infrastructure/ExpenseControl.Infrastructure.csproj" />
    <Project Path="src/ExpenseControl.WebApi/ExpenseControl.WebApi.csproj" />
  </Folder>
</Solution>
